
Microsoft Visual Studio Solution File, Format Version 12.00
# Visual Studio 14
VisualStudioVersion = 14.0.25420.1
MinimumVisualStudioVersion = 10.0.40219.1
Project("{FAE04EC0-301F-11D3-BF4B-00C04F79EFBC}") = "RuleService", "RuleService\RuleService.csproj", "{CFA0906C-AF61-41A9-B2A9-24FF430BCE9C}"
EndProject
Project("{FAE04EC0-301F-11D3-BF4B-00C04F79EFBC}") = "RuleService.Tests", "RuleService.Tests\RuleService.Tests.csproj", "{34E68602-12B5-4780-9AE6-A8ABA1CFD568}"
EndProject
Global
	GlobalSection(SolutionConfigurationPlatforms) = preSolution
		Debug|Any CPU = Debug|Any CPU
		Release|Any CPU = Release|Any CPU
	EndGlobalSection
	GlobalSection(ProjectConfigurationPlatforms) = postSolution
		{CFA0906C-AF61-41A9-B2A9-24FF430BCE9C}.Debug|Any CPU.ActiveCfg = Debug|Any CPU
		{CFA0906C-AF61-41A9-B2A9-24FF430BCE9C}.Debug|Any CPU.Build.0 = Debug|Any CPU
		{CFA0906C-AF61-41A9-B2A9-24FF430BCE9C}.Release|Any CPU.ActiveCfg = Release|Any CPU
		{CFA0906C-AF61-41A9-B2A9-24FF430BCE9C}.Release|Any CPU.Build.0 = Release|Any CPU
		{34E68602-12B5-4780-9AE6-A8ABA1CFD568}.Debug|Any CPU.ActiveCfg = Debug|Any CPU
		{34E68602-12B5-4780-9AE6-A8ABA1CFD568}.Debug|Any CPU.Build.0 = Debug|Any CPU
		{34E68602-12B5-4780-9AE6-A8ABA1CFD568}.Release|Any CPU.ActiveCfg = Release|Any CPU
		{34E68602-12B5-4780-9AE6-A8ABA1CFD568}.Release|Any CPU.Build.0 = Release|Any CPU
	EndGlobalSection
	GlobalSection(SolutionProperties) = preSolution
		HideSolutionNode = FALSE
	EndGlobalSection
EndGlobal
